
Microsoft Visual Studio Solution File, Format Version 11.00
# Visual C# Express 2010
Project("{FAE04EC0-301F-11D3-BF4B-00C04F79EFBC}") = "MyGame", "MyGame\MyGame\MyGame.csproj", "{2DDC0FDC-6D58-4700-999F-84F8DCB3078D}"
EndProject
Project("{FAE04EC0-301F-11D3-BF4B-00C04F79EFBC}") = "MyGameContent", "MyGame\MyGameContent\MyGameContent.contentproj", "{897F27A2-6526-430D-A317-D428BC81EA4A}"
EndProject
Project("{FAE04EC0-301F-11D3-BF4B-00C04F79EFBC}") = "Z Game 360", "MyGame\MyGame\Z Game 360.csproj", "{9692A9C1-582B-4809-BF17-1D981AD4DF38}"
EndProject
Global
	GlobalSection(SolutionConfigurationPlatforms) = preSolution
		Debug|Mixed Platforms = Debug|Mixed Platforms
		Debug|x86 = Debug|x86
		Debug|Xbox 360 = Debug|Xbox 360
		Editor|Mixed Platforms = Editor|Mixed Platforms
		Editor|x86 = Editor|x86
		Editor|Xbox 360 = Editor|Xbox 360
		Release|Mixed Platforms = Release|Mixed Platforms
		Release|x86 = Release|x86
		Release|Xbox 360 = Release|Xbox 360
	EndGlobalSection
	GlobalSection(ProjectConfigurationPlatforms) = postSolution
		{2DDC0FDC-6D58-4700-999F-84F8DCB3078D}.Debug|Mixed Platforms.ActiveCfg = Debug|x86
		{2DDC0FDC-6D58-4700-999F-84F8DCB3078D}.Debug|Mixed Platforms.Build.0 = Debug|x86
		{2DDC0FDC-6D58-4700-999F-84F8DCB3078D}.Debug|x86.ActiveCfg = Debug|x86
		{2DDC0FDC-6D58-4700-999F-84F8DCB3078D}.Debug|x86.Build.0 = Debug|x86
		{2DDC0FDC-6D58-4700-999F-84F8DCB3078D}.Debug|Xbox 360.ActiveCfg = Debug|x86
		{2DDC0FDC-6D58-4700-999F-84F8DCB3078D}.Debug|Xbox 360.Build.0 = Debug|x86
		{2DDC0FDC-6D58-4700-999F-84F8DCB3078D}.Editor|Mixed Platforms.ActiveCfg = Editor|x86
		{2DDC0FDC-6D58-4700-999F-84F8DCB3078D}.Editor|Mixed Platforms.Build.0 = Editor|x86
		{2DDC0FDC-6D58-4700-999F-84F8DCB3078D}.Editor|x86.ActiveCfg = Editor|x86
		{2DDC0FDC-6D58-4700-999F-84F8DCB3078D}.Editor|x86.Build.0 = Editor|x86
		{2DDC0FDC-6D58-4700-999F-84F8DCB3078D}.Editor|Xbox 360.ActiveCfg = Editor|x86
		{2DDC0FDC-6D58-4700-999F-84F8DCB3078D}.Editor|Xbox 360.Build.0 = Editor|x86
		{2DDC0FDC-6D58-4700-999F-84F8DCB3078D}.Release|Mixed Platforms.ActiveCfg = Release|x86
		{2DDC0FDC-6D58-4700-999F-84F8DCB3078D}.Release|Mixed Platforms.Build.0 = Release|x86
		{2DDC0FDC-6D58-4700-999F-84F8DCB3078D}.Release|x86.ActiveCfg = Release|x86
		{2DDC0FDC-6D58-4700-999F-84F8DCB3078D}.Release|x86.Build.0 = Release|x86
		{2DDC0FDC-6D58-4700-999F-84F8DCB3078D}.Release|Xbox 360.ActiveCfg = Release|x86
		{2DDC0FDC-6D58-4700-999F-84F8DCB3078D}.Release|Xbox 360.Build.0 = Release|x86
		{897F27A2-6526-430D-A317-D428BC81EA4A}.Debug|Mixed Platforms.ActiveCfg = Debug|x86
		{897F27A2-6526-430D-A317-D428BC81EA4A}.Debug|x86.ActiveCfg = Debug|x86
		{897F27A2-6526-430D-A317-D428BC81EA4A}.Debug|Xbox 360.ActiveCfg = Debug|x86
		{897F27A2-6526-430D-A317-D428BC81EA4A}.Editor|Mixed Platforms.ActiveCfg = Release|x86
		{897F27A2-6526-430D-A317-D428BC81EA4A}.Editor|x86.ActiveCfg = Release|x86
		{897F27A2-6526-430D-A317-D428BC81EA4A}.Editor|Xbox 360.ActiveCfg = Release|x86
		{897F27A2-6526-430D-A317-D428BC81EA4A}.Release|Mixed Platforms.ActiveCfg = Release|x86
		{897F27A2-6526-430D-A317-D428BC81EA4A}.Release|x86.ActiveCfg = Release|x86
		{897F27A2-6526-430D-A317-D428BC81EA4A}.Release|Xbox 360.ActiveCfg = Release|x86
		{9692A9C1-582B-4809-BF17-1D981AD4DF38}.Debug|Mixed Platforms.ActiveCfg = Debug|Xbox 360
		{9692A9C1-582B-4809-BF17-1D981AD4DF38}.Debug|x86.ActiveCfg = Debug|Xbox 360
		{9692A9C1-582B-4809-BF17-1D981AD4DF38}.Debug|x86.Build.0 = Debug|Xbox 360
		{9692A9C1-582B-4809-BF17-1D981AD4DF38}.Debug|Xbox 360.ActiveCfg = Debug|Xbox 360
		{9692A9C1-582B-4809-BF17-1D981AD4DF38}.Debug|Xbox 360.Build.0 = Debug|Xbox 360
		{9692A9C1-582B-4809-BF17-1D981AD4DF38}.Debug|Xbox 360.Deploy.0 = Debug|Xbox 360
		{9692A9C1-582B-4809-BF17-1D981AD4DF38}.Editor|Mixed Platforms.ActiveCfg = Release|Xbox 360
		{9692A9C1-582B-4809-BF17-1D981AD4DF38}.Editor|x86.ActiveCfg = Release|Xbox 360
		{9692A9C1-582B-4809-BF17-1D981AD4DF38}.Editor|x86.Build.0 = Release|Xbox 360
		{9692A9C1-582B-4809-BF17-1D981AD4DF38}.Editor|Xbox 360.ActiveCfg = Release|Xbox 360
		{9692A9C1-582B-4809-BF17-1D981AD4DF38}.Editor|Xbox 360.Build.0 = Release|Xbox 360
		{9692A9C1-582B-4809-BF17-1D981AD4DF38}.Editor|Xbox 360.Deploy.0 = Release|Xbox 360
		{9692A9C1-582B-4809-BF17-1D981AD4DF38}.Release|Mixed Platforms.ActiveCfg = Release|Xbox 360
		{9692A9C1-582B-4809-BF17-1D981AD4DF38}.Release|Mixed Platforms.Build.0 = Release|Xbox 360
		{9692A9C1-582B-4809-BF17-1D981AD4DF38}.Release|Mixed Platforms.Deploy.0 = Release|Xbox 360
		{9692A9C1-582B-4809-BF17-1D981AD4DF38}.Release|x86.ActiveCfg = Release|Xbox 360
		{9692A9C1-582B-4809-BF17-1D981AD4DF38}.Release|x86.Build.0 = Release|Xbox 360
		{9692A9C1-582B-4809-BF17-1D981AD4DF38}.Release|x86.Deploy.0 = Release|Xbox 360
		{9692A9C1-582B-4809-BF17-1D981AD4DF38}.Release|Xbox 360.ActiveCfg = Release|Xbox 360
		{9692A9C1-582B-4809-BF17-1D981AD4DF38}.Release|Xbox 360.Build.0 = Release|Xbox 360
		{9692A9C1-582B-4809-BF17-1D981AD4DF38}.Release|Xbox 360.Deploy.0 = Release|Xbox 360
	EndGlobalSection
	GlobalSection(SolutionProperties) = preSolution
		HideSolutionNode = FALSE
	EndGlobalSection
EndGlobal
